
Microsoft Visual Studio Solution File, Format Version 12.00
# Visual Studio Version 17
VisualStudioVersion = 17.9.34714.143
MinimumVisualStudioVersion = 10.0.40219.1
Project("{FAE04EC0-301F-11D3-BF4B-00C04F79EFBC}") = "EchoBot", "EchoBot\EchoBot.csproj", "{2B9BB7BD-AEF1-4332-872E-7C21FC0ADE3F}"
EndProject
Global
	GlobalSection(SolutionConfigurationPlatforms) = preSolution
		Debug|Any CPU = Debug|Any CPU
		Release|Any CPU = Release|Any CPU
	EndGlobalSection
	GlobalSection(ProjectConfigurationPlatforms) = postSolution
		{2B9BB7BD-AEF1-4332-872E-7C21FC0ADE3F}.Debug|Any CPU.ActiveCfg = Debug|Any CPU
		{2B9BB7BD-AEF1-4332-872E-7C21FC0ADE3F}.Debug|Any CPU.Build.0 = Debug|Any CPU
		{2B9BB7BD-AEF1-4332-872E-7C21FC0ADE3F}.Release|Any CPU.ActiveCfg = Release|Any CPU
		{2B9BB7BD-AEF1-4332-872E-7C21FC0ADE3F}.Release|Any CPU.Build.0 = Release|Any CPU
	EndGlobalSection
	GlobalSection(SolutionProperties) = preSolution
		HideSolutionNode = FALSE
	EndGlobalSection
	GlobalSection(ExtensibilityGlobals) = postSolution
		SolutionGuid = {3CD1A8CD-DD4B-45DF-9D1B-B53EA3388BB6}
	EndGlobalSection
EndGlobal
